<?xml version="1.0" encoding="UTF-8"?>
<Scheme
   LastUpgradeVersion = "1430"
   version = "1.7">
   <BuildAction
      parallelizeBuildables = "YES"
      buildImplicitDependencies = "YES">
      <BuildActionEntries>
         <BuildActionEntry
            buildForTesting = "YES"
            buildForRunning = "YES"
            buildForProfiling = "YES"
            buildForArchiving = "YES"
            buildForAnalyzing = "YES">
            <BuildableReference
               BuildableIdentifier = "primary"
               BlueprintIdentifier = "0A81352F29FDD3D40019A025"
               BuildableName = "sichuanhua"
               BlueprintName = "sichuanhua"
               ReferencedContainer = "container:sichuanhua.xcodeproj">
            </BuildableReference>
         </BuildActionEntry>
      </BuildActionEntries>
   </BuildAction>
   <TestAction
      buildConfiguration = "Debug"
      selectedDebuggerIdentifier = "Xcode.DebuggerFoundation.Debugger.LLDB"
      selectedLauncherIdentifier = "Xcode.DebuggerFoundation.Launcher.LLDB"
      shouldUseLaunchSchemeArgsEnv = "YES"
      shouldAutocreateTestPlan = "YES">
   </TestAction>
   <LaunchAction
      buildConfiguration = "Debug"
      selectedDebuggerIdentifier = "Xcode.DebuggerFoundation.Debugger.LLDB"
      selectedLauncherIdentifier = "Xcode.DebuggerFoundation.Launcher.LLDB"
      launchStyle = "0"
      useCustomWorkingDirectory = "NO"
      ignoresPersistentStateOnLaunch = "NO"
      debugDocumentVersioning = "YES"
      debugServiceExtension = "internal"
      allowLocationSimulation = "YES"
      viewDebuggingEnabled = "No">
      <BuildableProductRunnable
         runnableDebuggingMode = "0">
         <BuildableReference
            BuildableIdentifier = "primary"
            BlueprintIdentifier = "0A81352F29FDD3D40019A025"
            BuildableName = "sichuanhua"
            BlueprintName = "sichuanhua"
            ReferencedContainer = "container:sichuanhua.xcodeproj">
         </BuildableReference>
      </BuildableProductRunnable>
      <CommandLineArguments>
         <CommandLineArgument
            argument = "&#x7684;"
            isEnabled = "YES">
         </CommandLineArgument>
         <CommandLineArgument
            argument = "&#x6ce5;"
            isEnabled = "YES">
         </CommandLineArgument>
         <CommandLineArgument
            argument = "&#x53bb;"
            isEnabled = "YES">
         </CommandLineArgument>
         <CommandLineArgument
            argument = "&#x516d;"
            isEnabled = "YES">
         </CommandLineArgument>
         <CommandLineArgument
            argument = "&#x6076;"
            isEnabled = "YES">
         </CommandLineArgument>
         <CommandLineArgument
            argument = "&#x54e5;"
            isEnabled = "YES">
         </CommandLineArgument>
         <CommandLineArgument
            argument = "&#x56fd;"
            isEnabled = "YES">
         </CommandLineArgument>
         <CommandLineArgument
            argument = "&#x6324;"
            isEnabled = "YES">
         </CommandLineArgument>
         <CommandLineArgument
            argument = "&#x4e03;"
            isEnabled = "YES">
         </CommandLineArgument>
         <CommandLineArgument
            argument = "&#x897f;"
            isEnabled = "YES">
         </CommandLineArgument>
         <CommandLineArgument
            argument = "&#x5c16;"
            isEnabled = "YES">
         </CommandLineArgument>
         <CommandLineArgument
            argument = "&#x96c0;"
            isEnabled = "YES">
         </CommandLineArgument>
         <CommandLineArgument
            argument = "&#x4ed9;"
            isEnabled = "YES">
         </CommandLineArgument>
         <CommandLineArgument
            argument = "&#x805a;"
            isEnabled = "YES">
         </CommandLineArgument>
         <CommandLineArgument
            argument = "&#x8da3;"
            isEnabled = "YES">
         </CommandLineArgument>
         <CommandLineArgument
            argument = "&#x987b;"
            isEnabled = "YES">
         </CommandLineArgument>
         <CommandLineArgument
            argument = "&#x8db3;"
            isEnabled = "YES">
         </CommandLineArgument>
         <CommandLineArgument
            argument = "&#x89e3;"
            isEnabled = "YES">
         </CommandLineArgument>
         <CommandLineArgument
            argument = "&#x6c42;"
            isEnabled = "YES">
         </CommandLineArgument>
         <CommandLineArgument
            argument = "&#x77e5;"
            isEnabled = "YES">
         </CommandLineArgument>
         <CommandLineArgument
            argument = "&#x5403;"
            isEnabled = "YES">
         </CommandLineArgument>
         <CommandLineArgument
            argument = "&#x98df;"
            isEnabled = "YES">
         </CommandLineArgument>
         <CommandLineArgument
            argument = "&#x96c6;"
            isEnabled = "YES">
         </CommandLineArgument>
         <CommandLineArgument
            argument = "&#x864e;"
            isEnabled = "YES">
         </CommandLineArgument>
         <CommandLineArgument
            argument = "&#x7075;&#x9192;"
            isEnabled = "YES">
         </CommandLineArgument>
         <CommandLineArgument
            argument = "&#x786c;&#x8098;"
            isEnabled = "YES">
         </CommandLineArgument>
         <CommandLineArgument
            argument = "&#x78d5;&#x819d;&#x5934;&#x513f;"
            isEnabled = "YES">
         </CommandLineArgument>
         <CommandLineArgument
            argument = "naher"
            isEnabled = "YES">
         </CommandLineArgument>
         <CommandLineArgument
            argument = "&quot;hua gu niangr&quot;"
            isEnabled = "YES">
         </CommandLineArgument>
         <CommandLineArgument
            argument = "&quot;ca cang2 zi3&quot;"
            isEnabled = "YES">
         </CommandLineArgument>
      </CommandLineArguments>
   </LaunchAction>
   <ProfileAction
      buildConfiguration = "Release"
      shouldUseLaunchSchemeArgsEnv = "YES"
      savedToolIdentifier = ""
      useCustomWorkingDirectory = "NO"
      debugDocumentVersioning = "YES">
      <BuildableProductRunnable
         runnableDebuggingMode = "0">
         <BuildableReference
            BuildableIdentifier = "primary"
            BlueprintIdentifier = "0A81352F29FDD3D40019A025"
            BuildableName = "sichuanhua"
            BlueprintName = "sichuanhua"
            ReferencedContainer = "container:sichuanhua.xcodeproj">
         </BuildableReference>
      </BuildableProductRunnable>
   </ProfileAction>
   <AnalyzeAction
      buildConfiguration = "Debug">
   </AnalyzeAction>
   <ArchiveAction
      buildConfiguration = "Release"
      revealArchiveInOrganizer = "YES">
   </ArchiveAction>
</Scheme>
